# This file is automatically @generated by Poetry 1.8.3 and should not be changed by hand.

[[package]]
name = "funsecret"
version = "1.3.3"
description = ""
optional = false
python-versions = "<4.0,>=3.6"
files = [
    {file = "funsecret-1.3.3-py3-none-any.whl", hash = "sha256:17fad18cbc1a8ce1ed8bb480e1a752ca4170c6df8123ed06154e59dd81cac738"},
    {file = "funsecret-1.3.3.tar.gz", hash = "sha256:035706aeb0d5714b3f52077f36ecad188bff50eb3a427d002a41ebc20bb15c52"},
]

[metadata]
lock-version = "2.0"
python-versions = "^3.9"
content-hash = "88ea1d658eb67e9e57c7aafec5dfbfceccfa2c0d549431facf1376f53437f1d6"
